
Microsoft Visual Studio Solution File, Format Version 12.00
# Visual Studio 14
VisualStudioVersion = 14.0.25420.1
MinimumVisualStudioVersion = 10.0.40219.1
Project("{FAE04EC0-301F-11D3-BF4B-00C04F79EFBC}") = "ServicePlatform", "ServicePlatform\ServicePlatform.csproj", "{B2974D7B-BB65-4436-8F98-1265B88DE484}"
EndProject
Project("{FAE04EC0-301F-11D3-BF4B-00C04F79EFBC}") = "Qx.Tools.Ioc.Unity", "IOC\Qx.Tools.Ioc.Unity.csproj", "{8B717824-787E-4C94-A209-AD3D85705310}"
EndProject
Project("{2150E333-8FDC-42A3-9474-1A3956D46DE8}") = "Services", "Services", "{AF3C876E-4A37-4EF4-8552-5C698B092915}"
EndProject
Project("{FAE04EC0-301F-11D3-BF4B-00C04F79EFBC}") = "Qx.Community", "Qx.Forum\Qx.Community.csproj", "{D77AB163-EA74-4C53-8E6B-CA722941F0A6}"
EndProject
Project("{2150E333-8FDC-42A3-9474-1A3956D46DE8}") = "Tools", "Tools", "{0D8BC514-26D0-4470-9FEA-158EC864FC8C}"
EndProject
Project("{FAE04EC0-301F-11D3-BF4B-00C04F79EFBC}") = "Qx.CPQ", "Qx.CPQ\Qx.CPQ.csproj", "{20BB994D-FEDD-474F-AA5B-DEDBE064D907}"
EndProject
Project("{FAE04EC0-301F-11D3-BF4B-00C04F79EFBC}") = "Qx.Permission", "Qx.Permission\Qx.Permission.csproj", "{358CC382-BE72-4B67-A003-6AF529032523}"
EndProject
Project("{2150E333-8FDC-42A3-9474-1A3956D46DE8}") = ".nuget", ".nuget", "{3A79E840-758D-4827-8EB2-AAA542296DDA}"
	ProjectSection(SolutionItems) = preProject
		.nuget\NuGet.Config = .nuget\NuGet.Config
		.nuget\NuGet.exe = .nuget\NuGet.exe
		.nuget\NuGet.targets = .nuget\NuGet.targets
	EndProjectSection
EndProject
Project("{FAE04EC0-301F-11D3-BF4B-00C04F79EFBC}") = "Core", "Qx.Scsxxt.Core\Core.csproj", "{A7D83C34-029E-4A75-AF97-DF634E96D47A}"
EndProject
Project("{FAE04EC0-301F-11D3-BF4B-00C04F79EFBC}") = "Qx.Tools", "Qx.Tools\Qx.Tools.csproj", "{39913DC6-DBB8-41A8-A397-D531D4549AA1}"
EndProject
Project("{FAE04EC0-301F-11D3-BF4B-00C04F79EFBC}") = "Qx.Report.Scsxxt", "Qx.Report.Scsxxt\Qx.Report.Scsxxt.csproj", "{1F0AA8A6-53B9-4670-9109-F7E06553F8FA}"
EndProject
Project("{FAE04EC0-301F-11D3-BF4B-00C04F79EFBC}") = "Qx.Tools.Scsxxt", "Qx.Tools.Scsxxt\Qx.Tools.Scsxxt.csproj", "{2B10E9B4-7288-4115-B52E-40F43FEA78C7}"
EndProject
Project("{FAE04EC0-301F-11D3-BF4B-00C04F79EFBC}") = "Qx.Permission.Scsxxt", "Qx.Permission.Scsxxt\Qx.Permission.Scsxxt.csproj", "{A65DD572-D4ED-458D-8D21-7224CFE344DF}"
EndProject
Project("{FAE04EC0-301F-11D3-BF4B-00C04F79EFBC}") = "Qx.Scsxxt.Extentsion", "Qx.Scsxxt.Extentsion\Qx.Scsxxt.Extentsion.csproj", "{B1DB1B7C-7A4F-495C-A205-8E95F710833F}"
EndProject
Project("{FAE04EC0-301F-11D3-BF4B-00C04F79EFBC}") = "Qx.Wbs.Hqu", "Qx.Wbs.Hqu\Qx.Wbs.Hqu.csproj", "{D15C1551-DD75-4D2F-9B76-C036F7371FC4}"
EndProject
Global
	GlobalSection(SolutionConfigurationPlatforms) = preSolution
		Debug|Any CPU = Debug|Any CPU
		Release|Any CPU = Release|Any CPU
	EndGlobalSection
	GlobalSection(ProjectConfigurationPlatforms) = postSolution
		{B2974D7B-BB65-4436-8F98-1265B88DE484}.Debug|Any CPU.ActiveCfg = Debug|Any CPU
		{B2974D7B-BB65-4436-8F98-1265B88DE484}.Debug|Any CPU.Build.0 = Debug|Any CPU
		{B2974D7B-BB65-4436-8F98-1265B88DE484}.Release|Any CPU.ActiveCfg = Release|Any CPU
		{B2974D7B-BB65-4436-8F98-1265B88DE484}.Release|Any CPU.Build.0 = Release|Any CPU
		{8B717824-787E-4C94-A209-AD3D85705310}.Debug|Any CPU.ActiveCfg = Debug|Any CPU
		{8B717824-787E-4C94-A209-AD3D85705310}.Debug|Any CPU.Build.0 = Debug|Any CPU
		{8B717824-787E-4C94-A209-AD3D85705310}.Release|Any CPU.ActiveCfg = Release|Any CPU
		{8B717824-787E-4C94-A209-AD3D85705310}.Release|Any CPU.Build.0 = Release|Any CPU
		{D77AB163-EA74-4C53-8E6B-CA722941F0A6}.Debug|Any CPU.ActiveCfg = Debug|Any CPU
		{D77AB163-EA74-4C53-8E6B-CA722941F0A6}.Debug|Any CPU.Build.0 = Debug|Any CPU
		{D77AB163-EA74-4C53-8E6B-CA722941F0A6}.Release|Any CPU.ActiveCfg = Release|Any CPU
		{D77AB163-EA74-4C53-8E6B-CA722941F0A6}.Release|Any CPU.Build.0 = Release|Any CPU
		{20BB994D-FEDD-474F-AA5B-DEDBE064D907}.Debug|Any CPU.ActiveCfg = Debug|Any CPU
		{20BB994D-FEDD-474F-AA5B-DEDBE064D907}.Debug|Any CPU.Build.0 = Debug|Any CPU
		{20BB994D-FEDD-474F-AA5B-DEDBE064D907}.Release|Any CPU.ActiveCfg = Release|Any CPU
		{20BB994D-FEDD-474F-AA5B-DEDBE064D907}.Release|Any CPU.Build.0 = Release|Any CPU
		{358CC382-BE72-4B67-A003-6AF529032523}.Debug|Any CPU.ActiveCfg = Debug|Any CPU
		{358CC382-BE72-4B67-A003-6AF529032523}.Debug|Any CPU.Build.0 = Debug|Any CPU
		{358CC382-BE72-4B67-A003-6AF529032523}.Release|Any CPU.ActiveCfg = Release|Any CPU
		{358CC382-BE72-4B67-A003-6AF529032523}.Release|Any CPU.Build.0 = Release|Any CPU
		{A7D83C34-029E-4A75-AF97-DF634E96D47A}.Debug|Any CPU.ActiveCfg = Debug|Any CPU
		{A7D83C34-029E-4A75-AF97-DF634E96D47A}.Debug|Any CPU.Build.0 = Debug|Any CPU
		{A7D83C34-029E-4A75-AF97-DF634E96D47A}.Release|Any CPU.ActiveCfg = Release|Any CPU
		{A7D83C34-029E-4A75-AF97-DF634E96D47A}.Release|Any CPU.Build.0 = Release|Any CPU
		{39913DC6-DBB8-41A8-A397-D531D4549AA1}.Debug|Any CPU.ActiveCfg = Debug|Any CPU
		{39913DC6-DBB8-41A8-A397-D531D4549AA1}.Debug|Any CPU.Build.0 = Debug|Any CPU
		{39913DC6-DBB8-41A8-A397-D531D4549AA1}.Release|Any CPU.ActiveCfg = Release|Any CPU
		{39913DC6-DBB8-41A8-A397-D531D4549AA1}.Release|Any CPU.Build.0 = Release|Any CPU
		{1F0AA8A6-53B9-4670-9109-F7E06553F8FA}.Debug|Any CPU.ActiveCfg = Debug|Any CPU
		{1F0AA8A6-53B9-4670-9109-F7E06553F8FA}.Debug|Any CPU.Build.0 = Debug|Any CPU
		{1F0AA8A6-53B9-4670-9109-F7E06553F8FA}.Release|Any CPU.ActiveCfg = Release|Any CPU
		{1F0AA8A6-53B9-4670-9109-F7E06553F8FA}.Release|Any CPU.Build.0 = Release|Any CPU
		{2B10E9B4-7288-4115-B52E-40F43FEA78C7}.Debug|Any CPU.ActiveCfg = Debug|Any CPU
		{2B10E9B4-7288-4115-B52E-40F43FEA78C7}.Debug|Any CPU.Build.0 = Debug|Any CPU
		{2B10E9B4-7288-4115-B52E-40F43FEA78C7}.Release|Any CPU.ActiveCfg = Release|Any CPU
		{2B10E9B4-7288-4115-B52E-40F43FEA78C7}.Release|Any CPU.Build.0 = Release|Any CPU
		{A65DD572-D4ED-458D-8D21-7224CFE344DF}.Debug|Any CPU.ActiveCfg = Debug|Any CPU
		{A65DD572-D4ED-458D-8D21-7224CFE344DF}.Debug|Any CPU.Build.0 = Debug|Any CPU
		{A65DD572-D4ED-458D-8D21-7224CFE344DF}.Release|Any CPU.ActiveCfg = Release|Any CPU
		{A65DD572-D4ED-458D-8D21-7224CFE344DF}.Release|Any CPU.Build.0 = Release|Any CPU
		{B1DB1B7C-7A4F-495C-A205-8E95F710833F}.Debug|Any CPU.ActiveCfg = Debug|Any CPU
		{B1DB1B7C-7A4F-495C-A205-8E95F710833F}.Debug|Any CPU.Build.0 = Debug|Any CPU
		{B1DB1B7C-7A4F-495C-A205-8E95F710833F}.Release|Any CPU.ActiveCfg = Release|Any CPU
		{B1DB1B7C-7A4F-495C-A205-8E95F710833F}.Release|Any CPU.Build.0 = Release|Any CPU
		{D15C1551-DD75-4D2F-9B76-C036F7371FC4}.Debug|Any CPU.ActiveCfg = Debug|Any CPU
		{D15C1551-DD75-4D2F-9B76-C036F7371FC4}.Debug|Any CPU.Build.0 = Debug|Any CPU
		{D15C1551-DD75-4D2F-9B76-C036F7371FC4}.Release|Any CPU.ActiveCfg = Release|Any CPU
		{D15C1551-DD75-4D2F-9B76-C036F7371FC4}.Release|Any CPU.Build.0 = Release|Any CPU
	EndGlobalSection
	GlobalSection(SolutionProperties) = preSolution
		HideSolutionNode = FALSE
	EndGlobalSection
	GlobalSection(NestedProjects) = preSolution
		{8B717824-787E-4C94-A209-AD3D85705310} = {0D8BC514-26D0-4470-9FEA-158EC864FC8C}
		{D77AB163-EA74-4C53-8E6B-CA722941F0A6} = {AF3C876E-4A37-4EF4-8552-5C698B092915}
		{20BB994D-FEDD-474F-AA5B-DEDBE064D907} = {AF3C876E-4A37-4EF4-8552-5C698B092915}
		{358CC382-BE72-4B67-A003-6AF529032523} = {AF3C876E-4A37-4EF4-8552-5C698B092915}
		{A7D83C34-029E-4A75-AF97-DF634E96D47A} = {AF3C876E-4A37-4EF4-8552-5C698B092915}
		{39913DC6-DBB8-41A8-A397-D531D4549AA1} = {0D8BC514-26D0-4470-9FEA-158EC864FC8C}
		{1F0AA8A6-53B9-4670-9109-F7E06553F8FA} = {0D8BC514-26D0-4470-9FEA-158EC864FC8C}
		{2B10E9B4-7288-4115-B52E-40F43FEA78C7} = {0D8BC514-26D0-4470-9FEA-158EC864FC8C}
		{A65DD572-D4ED-458D-8D21-7224CFE344DF} = {0D8BC514-26D0-4470-9FEA-158EC864FC8C}
		{B1DB1B7C-7A4F-495C-A205-8E95F710833F} = {AF3C876E-4A37-4EF4-8552-5C698B092915}
		{D15C1551-DD75-4D2F-9B76-C036F7371FC4} = {AF3C876E-4A37-4EF4-8552-5C698B092915}
	EndGlobalSection
EndGlobal
